
Microsoft Visual Studio Solution File, Format Version 12.00
# Visual Studio Version 17
VisualStudioVersion = 17.5.33424.131
MinimumVisualStudioVersion = 10.0.40219.1
Project("{2150E333-8FDC-42A3-9474-1A3956D46DE8}") = "Source", "Source", "{2D18D459-C484-4F6A-98ED-059BA1A7B26B}"
EndProject
Project("{2150E333-8FDC-42A3-9474-1A3956D46DE8}") = "Core", "Core", "{756A145C-6B9D-4181-921A-392C5CC77CB2}"
EndProject
Project("{2150E333-8FDC-42A3-9474-1A3956D46DE8}") = "Infrastructure", "Infrastructure", "{9B08C690-ABB3-4806-B36D-D67A2A95A4A3}"
EndProject
Project("{2150E333-8FDC-42A3-9474-1A3956D46DE8}") = "Presentation", "Presentation", "{B9FB8A1C-33A4-4E51-918E-3545C56B034B}"
EndProject
Project("{2150E333-8FDC-42A3-9474-1A3956D46DE8}") = "Application", "Application", "{1585BB56-B110-42C1-9759-9BD201D222AF}"
EndProject
Project("{2150E333-8FDC-42A3-9474-1A3956D46DE8}") = "Domain", "Domain", "{BCBBC0A6-231A-4814-8865-48409ECAC5A5}"
EndProject
Project("{2150E333-8FDC-42A3-9474-1A3956D46DE8}") = "Services", "Services", "{148ADDC1-A376-4203-8175-58F215AFFBAB}"
EndProject
Project("{2150E333-8FDC-42A3-9474-1A3956D46DE8}") = "Identity", "Identity", "{B3020A9E-C16C-456E-9735-A04339693221}"
EndProject
Project("{2150E333-8FDC-42A3-9474-1A3956D46DE8}") = "Presistence", "Presistence", "{4E1BB55F-C826-49AB-AE64-91ACD89AD09D}"
EndProject
Project("{2150E333-8FDC-42A3-9474-1A3956D46DE8}") = "Shared", "Shared", "{C3AF0AA1-326F-4AF1-A60E-B2AD12AFC087}"
EndProject
Project("{2150E333-8FDC-42A3-9474-1A3956D46DE8}") = "Web-Api", "Web-Api", "{065E6BA7-7746-499D-9548-66A5BA9E093C}"
EndProject
Project("{FAE04EC0-301F-11D3-BF4B-00C04F79EFBC}") = "Forget.Core.Application", "Forget.Core.Application\Forget.Core.Application.csproj", "{C437EA5F-B0D7-405F-BA45-FF7304C5F6FE}"
EndProject
Project("{FAE04EC0-301F-11D3-BF4B-00C04F79EFBC}") = "Forget.Core.Domain", "Forget.Core.Domain\Forget.Core.Domain.csproj", "{F86F1683-EA10-4B5A-8348-6FB7404306E0}"
EndProject
Project("{FAE04EC0-301F-11D3-BF4B-00C04F79EFBC}") = "Forget.Core.Service", "Forget.Core.Service\Forget.Core.Service.csproj", "{D6F59471-BA56-458E-B4A0-403E984AF1B1}"
EndProject
Project("{FAE04EC0-301F-11D3-BF4B-00C04F79EFBC}") = "Forget.Infrastructure.Identity", "Forget.Infrastructure.Identity\Forget.Infrastructure.Identity.csproj", "{5B698919-F0B5-4DCE-9551-9ADFFFA1529C}"
EndProject
Project("{FAE04EC0-301F-11D3-BF4B-00C04F79EFBC}") = "Forget.Infrastructure.Persistence", "Forget.Infrastructure.Persistence\Forget.Infrastructure.Persistence.csproj", "{66DCE534-0C38-4D35-AA74-5BA0D73B60BC}"
EndProject
Project("{FAE04EC0-301F-11D3-BF4B-00C04F79EFBC}") = "Forget.Infrastructure.Shared", "Forget.Infrastructure.Shared\Forget.Infrastructure.Shared.csproj", "{893AE856-E16E-4B43-9415-E96863717459}"
EndProject
Project("{FAE04EC0-301F-11D3-BF4B-00C04F79EFBC}") = "Forget.Presentation.WebApi", "Forget.Presentation.WebApi\Forget.Presentation.WebApi.csproj", "{5FE495CD-248C-4610-AFEE-4CD42550714F}"
EndProject
Global
	GlobalSection(SolutionConfigurationPlatforms) = preSolution
		Debug|Any CPU = Debug|Any CPU
		Release|Any CPU = Release|Any CPU
	EndGlobalSection
	GlobalSection(ProjectConfigurationPlatforms) = postSolution
		{C437EA5F-B0D7-405F-BA45-FF7304C5F6FE}.Debug|Any CPU.ActiveCfg = Debug|Any CPU
		{C437EA5F-B0D7-405F-BA45-FF7304C5F6FE}.Debug|Any CPU.Build.0 = Debug|Any CPU
		{C437EA5F-B0D7-405F-BA45-FF7304C5F6FE}.Release|Any CPU.ActiveCfg = Release|Any CPU
		{C437EA5F-B0D7-405F-BA45-FF7304C5F6FE}.Release|Any CPU.Build.0 = Release|Any CPU
		{F86F1683-EA10-4B5A-8348-6FB7404306E0}.Debug|Any CPU.ActiveCfg = Debug|Any CPU
		{F86F1683-EA10-4B5A-8348-6FB7404306E0}.Debug|Any CPU.Build.0 = Debug|Any CPU
		{F86F1683-EA10-4B5A-8348-6FB7404306E0}.Release|Any CPU.ActiveCfg = Release|Any CPU
		{F86F1683-EA10-4B5A-8348-6FB7404306E0}.Release|Any CPU.Build.0 = Release|Any CPU
		{D6F59471-BA56-458E-B4A0-403E984AF1B1}.Debug|Any CPU.ActiveCfg = Debug|Any CPU
		{D6F59471-BA56-458E-B4A0-403E984AF1B1}.Debug|Any CPU.Build.0 = Debug|Any CPU
		{D6F59471-BA56-458E-B4A0-403E984AF1B1}.Release|Any CPU.ActiveCfg = Release|Any CPU
		{D6F59471-BA56-458E-B4A0-403E984AF1B1}.Release|Any CPU.Build.0 = Release|Any CPU
		{5B698919-F0B5-4DCE-9551-9ADFFFA1529C}.Debug|Any CPU.ActiveCfg = Debug|Any CPU
		{5B698919-F0B5-4DCE-9551-9ADFFFA1529C}.Debug|Any CPU.Build.0 = Debug|Any CPU
		{5B698919-F0B5-4DCE-9551-9ADFFFA1529C}.Release|Any CPU.ActiveCfg = Release|Any CPU
		{5B698919-F0B5-4DCE-9551-9ADFFFA1529C}.Release|Any CPU.Build.0 = Release|Any CPU
		{66DCE534-0C38-4D35-AA74-5BA0D73B60BC}.Debug|Any CPU.ActiveCfg = Debug|Any CPU
		{66DCE534-0C38-4D35-AA74-5BA0D73B60BC}.Debug|Any CPU.Build.0 = Debug|Any CPU
		{66DCE534-0C38-4D35-AA74-5BA0D73B60BC}.Release|Any CPU.ActiveCfg = Release|Any CPU
		{66DCE534-0C38-4D35-AA74-5BA0D73B60BC}.Release|Any CPU.Build.0 = Release|Any CPU
		{893AE856-E16E-4B43-9415-E96863717459}.Debug|Any CPU.ActiveCfg = Debug|Any CPU
		{893AE856-E16E-4B43-9415-E96863717459}.Debug|Any CPU.Build.0 = Debug|Any CPU
		{893AE856-E16E-4B43-9415-E96863717459}.Release|Any CPU.ActiveCfg = Release|Any CPU
		{893AE856-E16E-4B43-9415-E96863717459}.Release|Any CPU.Build.0 = Release|Any CPU
		{5FE495CD-248C-4610-AFEE-4CD42550714F}.Debug|Any CPU.ActiveCfg = Debug|Any CPU
		{5FE495CD-248C-4610-AFEE-4CD42550714F}.Debug|Any CPU.Build.0 = Debug|Any CPU
		{5FE495CD-248C-4610-AFEE-4CD42550714F}.Release|Any CPU.ActiveCfg = Release|Any CPU
		{5FE495CD-248C-4610-AFEE-4CD42550714F}.Release|Any CPU.Build.0 = Release|Any CPU
	EndGlobalSection
	GlobalSection(SolutionProperties) = preSolution
		HideSolutionNode = FALSE
	EndGlobalSection
	GlobalSection(NestedProjects) = preSolution
		{756A145C-6B9D-4181-921A-392C5CC77CB2} = {2D18D459-C484-4F6A-98ED-059BA1A7B26B}
		{9B08C690-ABB3-4806-B36D-D67A2A95A4A3} = {2D18D459-C484-4F6A-98ED-059BA1A7B26B}
		{B9FB8A1C-33A4-4E51-918E-3545C56B034B} = {2D18D459-C484-4F6A-98ED-059BA1A7B26B}
		{1585BB56-B110-42C1-9759-9BD201D222AF} = {756A145C-6B9D-4181-921A-392C5CC77CB2}
		{BCBBC0A6-231A-4814-8865-48409ECAC5A5} = {756A145C-6B9D-4181-921A-392C5CC77CB2}
		{148ADDC1-A376-4203-8175-58F215AFFBAB} = {756A145C-6B9D-4181-921A-392C5CC77CB2}
		{B3020A9E-C16C-456E-9735-A04339693221} = {9B08C690-ABB3-4806-B36D-D67A2A95A4A3}
		{4E1BB55F-C826-49AB-AE64-91ACD89AD09D} = {9B08C690-ABB3-4806-B36D-D67A2A95A4A3}
		{C3AF0AA1-326F-4AF1-A60E-B2AD12AFC087} = {9B08C690-ABB3-4806-B36D-D67A2A95A4A3}
		{065E6BA7-7746-499D-9548-66A5BA9E093C} = {B9FB8A1C-33A4-4E51-918E-3545C56B034B}
		{C437EA5F-B0D7-405F-BA45-FF7304C5F6FE} = {1585BB56-B110-42C1-9759-9BD201D222AF}
		{F86F1683-EA10-4B5A-8348-6FB7404306E0} = {BCBBC0A6-231A-4814-8865-48409ECAC5A5}
		{D6F59471-BA56-458E-B4A0-403E984AF1B1} = {148ADDC1-A376-4203-8175-58F215AFFBAB}
		{5B698919-F0B5-4DCE-9551-9ADFFFA1529C} = {B3020A9E-C16C-456E-9735-A04339693221}
		{66DCE534-0C38-4D35-AA74-5BA0D73B60BC} = {4E1BB55F-C826-49AB-AE64-91ACD89AD09D}
		{893AE856-E16E-4B43-9415-E96863717459} = {C3AF0AA1-326F-4AF1-A60E-B2AD12AFC087}
		{5FE495CD-248C-4610-AFEE-4CD42550714F} = {065E6BA7-7746-499D-9548-66A5BA9E093C}
	EndGlobalSection
	GlobalSection(ExtensibilityGlobals) = postSolution
		SolutionGuid = {A9DF4ECE-3499-4484-A72C-50D17943EF65}
	EndGlobalSection
EndGlobal
