
Microsoft Visual Studio Solution File, Format Version 12.00
# Visual Studio Version 17
VisualStudioVersion = 17.5.33424.131
MinimumVisualStudioVersion = 10.0.40219.1
Project("{2150E333-8FDC-42A3-9474-1A3956D46DE8}") = "Source", "Source", "{2D18D459-C484-4F6A-98ED-059BA1A7B26B}"
EndProject
Project("{2150E333-8FDC-42A3-9474-1A3956D46DE8}") = "Infrastructure", "Infrastructure", "{9B08C690-ABB3-4806-B36D-D67A2A95A4A3}"
EndProject
Project("{2150E333-8FDC-42A3-9474-1A3956D46DE8}") = "Presentation", "Presentation", "{B9FB8A1C-33A4-4E51-918E-3545C56B034B}"
EndProject
Project("{2150E333-8FDC-42A3-9474-1A3956D46DE8}") = "Shared", "Shared", "{C3AF0AA1-326F-4AF1-A60E-B2AD12AFC087}"
EndProject
Project("{2150E333-8FDC-42A3-9474-1A3956D46DE8}") = "Web-Api", "Web-Api", "{065E6BA7-7746-499D-9548-66A5BA9E093C}"
EndProject
Project("{9A19103F-16F7-4668-BE54-9A1E7A4F7556}") = "Forget.Infrastructure.Shared", "Forget.Infrastructure.Shared\Forget.Infrastructure.Shared.csproj", "{893AE856-E16E-4B43-9415-E96863717459}"
EndProject
Project("{9A19103F-16F7-4668-BE54-9A1E7A4F7556}") = "Forget.Presentation.WebApi", "Forget.Presentation.WebApi\Forget.Presentation.WebApi.csproj", "{5FE495CD-248C-4610-AFEE-4CD42550714F}"
EndProject
Global
	GlobalSection(SolutionConfigurationPlatforms) = preSolution
		Debug|Any CPU = Debug|Any CPU
		Release|Any CPU = Release|Any CPU
	EndGlobalSection
	GlobalSection(ProjectConfigurationPlatforms) = postSolution
		{893AE856-E16E-4B43-9415-E96863717459}.Debug|Any CPU.ActiveCfg = Debug|Any CPU
		{893AE856-E16E-4B43-9415-E96863717459}.Debug|Any CPU.Build.0 = Debug|Any CPU
		{893AE856-E16E-4B43-9415-E96863717459}.Release|Any CPU.ActiveCfg = Release|Any CPU
		{893AE856-E16E-4B43-9415-E96863717459}.Release|Any CPU.Build.0 = Release|Any CPU
		{5FE495CD-248C-4610-AFEE-4CD42550714F}.Debug|Any CPU.ActiveCfg = Debug|Any CPU
		{5FE495CD-248C-4610-AFEE-4CD42550714F}.Debug|Any CPU.Build.0 = Debug|Any CPU
		{5FE495CD-248C-4610-AFEE-4CD42550714F}.Release|Any CPU.ActiveCfg = Release|Any CPU
		{5FE495CD-248C-4610-AFEE-4CD42550714F}.Release|Any CPU.Build.0 = Release|Any CPU
	EndGlobalSection
	GlobalSection(SolutionProperties) = preSolution
		HideSolutionNode = FALSE
	EndGlobalSection
	GlobalSection(NestedProjects) = preSolution
		{9B08C690-ABB3-4806-B36D-D67A2A95A4A3} = {2D18D459-C484-4F6A-98ED-059BA1A7B26B}
		{B9FB8A1C-33A4-4E51-918E-3545C56B034B} = {2D18D459-C484-4F6A-98ED-059BA1A7B26B}
		{C3AF0AA1-326F-4AF1-A60E-B2AD12AFC087} = {9B08C690-ABB3-4806-B36D-D67A2A95A4A3}
		{065E6BA7-7746-499D-9548-66A5BA9E093C} = {B9FB8A1C-33A4-4E51-918E-3545C56B034B}
		{893AE856-E16E-4B43-9415-E96863717459} = {C3AF0AA1-326F-4AF1-A60E-B2AD12AFC087}
		{5FE495CD-248C-4610-AFEE-4CD42550714F} = {065E6BA7-7746-499D-9548-66A5BA9E093C}
	EndGlobalSection
	GlobalSection(ExtensibilityGlobals) = postSolution
		SolutionGuid = {A9DF4ECE-3499-4484-A72C-50D17943EF65}
	EndGlobalSection
EndGlobal
